
Microsoft Visual Studio Solution File, Format Version 12.00
# Visual Studio 14
VisualStudioVersion = 14.0.25420.1
MinimumVisualStudioVersion = 10.0.40219.1
Project("{FAE04EC0-301F-11D3-BF4B-00C04F79EFBC}") = "PrototipoFrontend", "PrototipoFrontend\PrototipoFrontend.csproj", "{7F3D929A-BED9-4CBE-B552-A1DCA944E0ED}"
EndProject
Project("{FAE04EC0-301F-11D3-BF4B-00C04F79EFBC}") = "Portal", "Portal\Portal.csproj", "{298918E6-B08A-4F49-A0A4-A82D134B4B09}"
EndProject
Project("{FAE04EC0-301F-11D3-BF4B-00C04F79EFBC}") = "PrototipoServicios", "PrototipoServicios\PrototipoServicios.csproj", "{317DCEFD-E188-4B67-8D5B-EA67AC9C112D}"
EndProject
Project("{2150E333-8FDC-42A3-9474-1A3956D46DE8}") = "Solution Items", "Solution Items", "{7C2083CF-ECC7-4D0D-AAE8-1318075D2E13}"
	ProjectSection(SolutionItems) = preProject
		.gitattributes = .gitattributes
		.gitignore = .gitignore
		README.md = README.md
	EndProjectSection
EndProject
Global
	GlobalSection(SolutionConfigurationPlatforms) = preSolution
		Debug|Any CPU = Debug|Any CPU
		Release|Any CPU = Release|Any CPU
	EndGlobalSection
	GlobalSection(ProjectConfigurationPlatforms) = postSolution
		{7F3D929A-BED9-4CBE-B552-A1DCA944E0ED}.Debug|Any CPU.ActiveCfg = Debug|Any CPU
		{7F3D929A-BED9-4CBE-B552-A1DCA944E0ED}.Debug|Any CPU.Build.0 = Debug|Any CPU
		{7F3D929A-BED9-4CBE-B552-A1DCA944E0ED}.Release|Any CPU.ActiveCfg = Release|Any CPU
		{7F3D929A-BED9-4CBE-B552-A1DCA944E0ED}.Release|Any CPU.Build.0 = Release|Any CPU
		{298918E6-B08A-4F49-A0A4-A82D134B4B09}.Debug|Any CPU.ActiveCfg = Debug|Any CPU
		{298918E6-B08A-4F49-A0A4-A82D134B4B09}.Debug|Any CPU.Build.0 = Debug|Any CPU
		{298918E6-B08A-4F49-A0A4-A82D134B4B09}.Release|Any CPU.ActiveCfg = Release|Any CPU
		{298918E6-B08A-4F49-A0A4-A82D134B4B09}.Release|Any CPU.Build.0 = Release|Any CPU
		{317DCEFD-E188-4B67-8D5B-EA67AC9C112D}.Debug|Any CPU.ActiveCfg = Debug|Any CPU
		{317DCEFD-E188-4B67-8D5B-EA67AC9C112D}.Debug|Any CPU.Build.0 = Debug|Any CPU
		{317DCEFD-E188-4B67-8D5B-EA67AC9C112D}.Release|Any CPU.ActiveCfg = Release|Any CPU
		{317DCEFD-E188-4B67-8D5B-EA67AC9C112D}.Release|Any CPU.Build.0 = Release|Any CPU
	EndGlobalSection
	GlobalSection(SolutionProperties) = preSolution
		HideSolutionNode = FALSE
	EndGlobalSection
EndGlobal
